
Microsoft Visual Studio Solution File, Format Version 12.00
# Visual Studio Version 17
VisualStudioVersion = 17.14.36518.9 d17.14
MinimumVisualStudioVersion = 10.0.40219.1
Project("{FAE04EC0-301F-11D3-BF4B-00C04F79EFBC}") = "SerialComPort", "SerialComPort\SerialComPort.csproj", "{ECB16B5C-F114-48FC-82BD-875CA59405F4}"
EndProject
Global
	GlobalSection(SolutionConfigurationPlatforms) = preSolution
		Debug|Any CPU = Debug|Any CPU
		Release|Any CPU = Release|Any CPU
	EndGlobalSection
	GlobalSection(ProjectConfigurationPlatforms) = postSolution
		{ECB16B5C-F114-48FC-82BD-875CA59405F4}.Debug|Any CPU.ActiveCfg = Debug|Any CPU
		{ECB16B5C-F114-48FC-82BD-875CA59405F4}.Debug|Any CPU.Build.0 = Debug|Any CPU
		{ECB16B5C-F114-48FC-82BD-875CA59405F4}.Release|Any CPU.ActiveCfg = Release|Any CPU
		{ECB16B5C-F114-48FC-82BD-875CA59405F4}.Release|Any CPU.Build.0 = Release|Any CPU
	EndGlobalSection
	GlobalSection(SolutionProperties) = preSolution
		HideSolutionNode = FALSE
	EndGlobalSection
	GlobalSection(ExtensibilityGlobals) = postSolution
		SolutionGuid = {395BA210-986B-4D53-B842-67A80AA5D496}
	EndGlobalSection
EndGlobal
